
Microsoft Visual Studio Solution File, Format Version 12.00
# Visual Studio Version 17
VisualStudioVersion = 17.8.34322.80
MinimumVisualStudioVersion = 10.0.40219.1
Project("{FAE04EC0-301F-11D3-BF4B-00C04F79EFBC}") = "01_Intro_To_CSharp", "01_Intro_To_CSharp\01_Intro_To_CSharp.csproj", "{A277D0AD-45F6-4C68-9726-B57DC22203CA}"
EndProject
Global
	GlobalSection(SolutionConfigurationPlatforms) = preSolution
		Debug|Any CPU = Debug|Any CPU
		Release|Any CPU = Release|Any CPU
	EndGlobalSection
	GlobalSection(ProjectConfigurationPlatforms) = postSolution
		{A277D0AD-45F6-4C68-9726-B57DC22203CA}.Debug|Any CPU.ActiveCfg = Debug|Any CPU
		{A277D0AD-45F6-4C68-9726-B57DC22203CA}.Debug|Any CPU.Build.0 = Debug|Any CPU
		{A277D0AD-45F6-4C68-9726-B57DC22203CA}.Release|Any CPU.ActiveCfg = Release|Any CPU
		{A277D0AD-45F6-4C68-9726-B57DC22203CA}.Release|Any CPU.Build.0 = Release|Any CPU
	EndGlobalSection
	GlobalSection(SolutionProperties) = preSolution
		HideSolutionNode = FALSE
	EndGlobalSection
	GlobalSection(ExtensibilityGlobals) = postSolution
		SolutionGuid = {6B495BF4-02E5-4D64-83E0-83C93E759389}
	EndGlobalSection
EndGlobal
